
Microsoft Visual Studio Solution File, Format Version 12.00
# Visual Studio Version 17
VisualStudioVersion = 17.2.32616.157
MinimumVisualStudioVersion = 10.0.40219.1
Project("{9A19103F-16F7-4668-BE54-9A1E7A4F7556}") = "RCApi01", "RCApi01\RCApi01.csproj", "{2FFCA42B-37D1-407A-84BB-DBB306297A93}"
EndProject
Global
	GlobalSection(SolutionConfigurationPlatforms) = preSolution
		Debug|Any CPU = Debug|Any CPU
		Release|Any CPU = Release|Any CPU
	EndGlobalSection
	GlobalSection(ProjectConfigurationPlatforms) = postSolution
		{2FFCA42B-37D1-407A-84BB-DBB306297A93}.Debug|Any CPU.ActiveCfg = Debug|Any CPU
		{2FFCA42B-37D1-407A-84BB-DBB306297A93}.Debug|Any CPU.Build.0 = Debug|Any CPU
		{2FFCA42B-37D1-407A-84BB-DBB306297A93}.Release|Any CPU.ActiveCfg = Release|Any CPU
		{2FFCA42B-37D1-407A-84BB-DBB306297A93}.Release|Any CPU.Build.0 = Release|Any CPU
	EndGlobalSection
	GlobalSection(SolutionProperties) = preSolution
		HideSolutionNode = FALSE
	EndGlobalSection
	GlobalSection(ExtensibilityGlobals) = postSolution
		SolutionGuid = {2D4DA13B-C7EB-4B18-9C90-AA74EFF10BD9}
	EndGlobalSection
EndGlobal
